
Microsoft Visual Studio Solution File, Format Version 12.00
# Visual Studio Version 16
VisualStudioVersion = 16.0.31624.102
MinimumVisualStudioVersion = 10.0.40219.1
Project("{9A19103F-16F7-4668-BE54-9A1E7A4F7556}") = "Task 10", "Task 10\Task 10.csproj", "{A319998E-5029-437F-AB54-06605086CB85}"
EndProject
Project("{FAE04EC0-301F-11D3-BF4B-00C04F79EFBC}") = "TimerUI", "TimerUI\TimerUI.csproj", "{50BE3FA5-C40D-44E6-A1F0-E166EE7CC903}"
EndProject
Global
	GlobalSection(SolutionConfigurationPlatforms) = preSolution
		Debug|Any CPU = Debug|Any CPU
		Release|Any CPU = Release|Any CPU
	EndGlobalSection
	GlobalSection(ProjectConfigurationPlatforms) = postSolution
		{A319998E-5029-437F-AB54-06605086CB85}.Debug|Any CPU.ActiveCfg = Debug|Any CPU
		{A319998E-5029-437F-AB54-06605086CB85}.Debug|Any CPU.Build.0 = Debug|Any CPU
		{A319998E-5029-437F-AB54-06605086CB85}.Release|Any CPU.ActiveCfg = Release|Any CPU
		{A319998E-5029-437F-AB54-06605086CB85}.Release|Any CPU.Build.0 = Release|Any CPU
		{50BE3FA5-C40D-44E6-A1F0-E166EE7CC903}.Debug|Any CPU.ActiveCfg = Debug|Any CPU
		{50BE3FA5-C40D-44E6-A1F0-E166EE7CC903}.Debug|Any CPU.Build.0 = Debug|Any CPU
		{50BE3FA5-C40D-44E6-A1F0-E166EE7CC903}.Release|Any CPU.ActiveCfg = Release|Any CPU
		{50BE3FA5-C40D-44E6-A1F0-E166EE7CC903}.Release|Any CPU.Build.0 = Release|Any CPU
	EndGlobalSection
	GlobalSection(SolutionProperties) = preSolution
		HideSolutionNode = FALSE
	EndGlobalSection
	GlobalSection(ExtensibilityGlobals) = postSolution
		SolutionGuid = {375B917D-AFAF-4EB0-BDC0-5EDC6FCED7F4}
	EndGlobalSection
EndGlobal
